
Microsoft Visual Studio Solution File, Format Version 12.00
# Visual Studio Version 16
VisualStudioVersion = 25.0.1704.0
MinimumVisualStudioVersion = 10.0.40219.1
Project("{FAE04EC0-301F-11D3-BF4B-00C04F79EFBC}") = "HttpServer", "HttpServer\HttpServer.csproj", "{855BE41C-36E9-4A00-9D70-9E3EDC5647C1}"
EndProject
Global
	GlobalSection(SolutionConfigurationPlatforms) = preSolution
		Debug|Any CPU = Debug|Any CPU
		Release|Any CPU = Release|Any CPU
	EndGlobalSection
	GlobalSection(ProjectConfigurationPlatforms) = postSolution
		{855BE41C-36E9-4A00-9D70-9E3EDC5647C1}.Debug|Any CPU.ActiveCfg = Debug|Any CPU
		{855BE41C-36E9-4A00-9D70-9E3EDC5647C1}.Debug|Any CPU.Build.0 = Debug|Any CPU
		{855BE41C-36E9-4A00-9D70-9E3EDC5647C1}.Release|Any CPU.ActiveCfg = Release|Any CPU
		{855BE41C-36E9-4A00-9D70-9E3EDC5647C1}.Release|Any CPU.Build.0 = Release|Any CPU
	EndGlobalSection
	GlobalSection(SolutionProperties) = preSolution
		HideSolutionNode = FALSE
	EndGlobalSection
	GlobalSection(ExtensibilityGlobals) = postSolution
		SolutionGuid = {4F1F010B-EC98-4EB9-9A5A-F653193C5CC7}
	EndGlobalSection
EndGlobal
